# This file is automatically @generated by Cargo.
# It is not intended for manual editing.
version = 4

[[package]]
name = "cfg-if"
version = "1.0.4"
source = "registry+https://github.com/rust-lang/crates.io-index"
checksum = "9330f8b2ff13f34540b44e946ef35111825727b38d33286ef986142615121801"

[[package]]
name = "libloading"
version = "0.9.0"
source = "registry+https://github.com/rust-lang/crates.io-index"
checksum = "754ca22de805bb5744484a5b151a9e1a8e837d5dc232c2d7d8c2e3492edc8b60"
dependencies = [
 "cfg-if",
 "windows-link",
]

[[package]]
name = "napi-sys-ohos"
version = "1.2.0"
source = "registry+https://github.com/rust-lang/crates.io-index"
checksum = "266964b97e57f3ca023ed13e7c78d4c8f3900aa00466bbeb8cb7746653cabc5f"
dependencies = [
 "libloading",
]

[[package]]
name = "ohos-accessibility-sys"
version = "0.0.3"
source = "registry+https://github.com/rust-lang/crates.io-index"
checksum = "328ddd8c050829f583bdcde996e9cc0217d15a744aa57c2a00118c00afff1562"
dependencies = [
 "ohos-arkui-input-sys",
]

[[package]]
name = "ohos-arkui-input-sys"
version = "0.1.2"
source = "registry+https://github.com/rust-lang/crates.io-index"
checksum = "d9befe0e30b764a29e2d43aeeb5fad7c53c2a1aa61763b6533ac3f52799caa38"

[[package]]
name = "ohos-arkui-sys"
version = "0.1.2"
source = "registry+https://github.com/rust-lang/crates.io-index"
checksum = "4d32365469264d0e2f6e35d9b8a509f0eeb83eb639208e134d561c591878d387"
dependencies = [
 "napi-sys-ohos",
 "ohos-arkui-input-sys",
 "ohos-image-native-sys",
 "ohos-native-drawing-sys",
 "ohos-udmf-sys",
]

[[package]]
name = "ohos-image-native-sys"
version = "0.0.3"
source = "registry+https://github.com/rust-lang/crates.io-index"
checksum = "331baf1db1c885dcbcdb81dce0563fa9f9fd3a27802ddcbf1726eb6784bd020e"
dependencies = [
 "napi-sys-ohos",
 "ohos-native-buffer-sys",
 "ohos-resource-manager-sys",
]

[[package]]
name = "ohos-image-sys"
version = "0.0.3"
source = "registry+https://github.com/rust-lang/crates.io-index"
checksum = "e367c84b78af5ae77d5335601396c1d0af89543becca08f75aedf4ba5258d74c"
dependencies = [
 "napi-sys-ohos",
 "ohos-resource-manager-sys",
]

[[package]]
name = "ohos-native-buffer-sys"
version = "0.1.2"
source = "registry+https://github.com/rust-lang/crates.io-index"
checksum = "d1b754679463a2af38c3381936eec015bab187963bd97a6802e5a61ce362573f"

[[package]]
name = "ohos-native-drawing-sys"
version = "0.2.2"
source = "registry+https://github.com/rust-lang/crates.io-index"
checksum = "f8d58d6a1f1d65d0597c56f1920d86028241ac9cc91c56c9dac41a680f68ac6e"
dependencies = [
 "ohos-image-native-sys",
 "ohos-image-sys",
]

[[package]]
name = "ohos-resource-manager-sys"
version = "0.3.2"
source = "registry+https://github.com/rust-lang/crates.io-index"
checksum = "86fbffb79d6e26b845e77653590e6d8951baeaa6c1a307417e917f37dcf3843a"
dependencies = [
 "napi-sys-ohos",
]

[[package]]
name = "ohos-udmf-sys"
version = "0.0.3"
source = "registry+https://github.com/rust-lang/crates.io-index"
checksum = "389517bf06530019a0fb90b34c5a408bda45f6584b3487621afd82d524d873ab"
dependencies = [
 "ohos-image-native-sys",
]

[[package]]
name = "ohos-xcomponent-sys"
version = "0.1.2"
dependencies = [
 "ohos-accessibility-sys",
 "ohos-arkui-input-sys",
 "ohos-arkui-sys",
]

[[package]]
name = "windows-link"
version = "0.2.1"
source = "registry+https://github.com/rust-lang/crates.io-index"
checksum = "f0805222e57f7521d6a62e36fa9163bc891acd422f971defe97d64e70d0a4fe5"
